
Microsoft Visual Studio Solution File, Format Version 12.00
# Visual Studio Version 16
VisualStudioVersion = 16.0.32428.217
MinimumVisualStudioVersion = 10.0.40219.1
Project("{FAE04EC0-301F-11D3-BF4B-00C04F79EFBC}") = "Ajax_Hw", "Ajax_Hw\Ajax_Hw.csproj", "{0034AAD3-F805-498B-8281-D2D586D2AF3F}"
EndProject
Global
	GlobalSection(SolutionConfigurationPlatforms) = preSolution
		Debug|Any CPU = Debug|Any CPU
		Release|Any CPU = Release|Any CPU
	EndGlobalSection
	GlobalSection(ProjectConfigurationPlatforms) = postSolution
		{0034AAD3-F805-498B-8281-D2D586D2AF3F}.Debug|Any CPU.ActiveCfg = Debug|Any CPU
		{0034AAD3-F805-498B-8281-D2D586D2AF3F}.Debug|Any CPU.Build.0 = Debug|Any CPU
		{0034AAD3-F805-498B-8281-D2D586D2AF3F}.Release|Any CPU.ActiveCfg = Release|Any CPU
		{0034AAD3-F805-498B-8281-D2D586D2AF3F}.Release|Any CPU.Build.0 = Release|Any CPU
	EndGlobalSection
	GlobalSection(SolutionProperties) = preSolution
		HideSolutionNode = FALSE
	EndGlobalSection
	GlobalSection(ExtensibilityGlobals) = postSolution
		SolutionGuid = {FD7ABFF3-C607-4929-AC52-81A2C28A0745}
	EndGlobalSection
EndGlobal
